
Microsoft Visual Studio Solution File, Format Version 12.00
Project("{FAE04EC0-301F-11D3-BF4B-00C04F79EFBC}") = "EIP4337", "EIP4337\EIP4337.csproj", "{828543A8-EECB-48F1-A8D1-22A967CA3904}"
EndProject
Global
	GlobalSection(SolutionConfigurationPlatforms) = preSolution
		Debug|Any CPU = Debug|Any CPU
		Release|Any CPU = Release|Any CPU
	EndGlobalSection
	GlobalSection(ProjectConfigurationPlatforms) = postSolution
		{828543A8-EECB-48F1-A8D1-22A967CA3904}.Debug|Any CPU.ActiveCfg = Debug|Any CPU
		{828543A8-EECB-48F1-A8D1-22A967CA3904}.Debug|Any CPU.Build.0 = Debug|Any CPU
		{828543A8-EECB-48F1-A8D1-22A967CA3904}.Release|Any CPU.ActiveCfg = Release|Any CPU
		{828543A8-EECB-48F1-A8D1-22A967CA3904}.Release|Any CPU.Build.0 = Release|Any CPU
	EndGlobalSection
EndGlobal
